// !$*UTF8*$!
{
	archiveVersion = 1;
	classes = {
	};
	objectVersion = 56;
	objects = {

/* Begin PBXBuildFile section */
		1BBCDB71298CBAFE00AE4EE2 /* SDWebImage in Frameworks */ = {isa = PBXBuildFile; productRef = 1BBCDB70298CBAFE00AE4EE2 /* SDWebImage */; };
		1BBCDB77298CCBC000AE4EE2 /* ShowAlerts.swift in Sources */ = {isa = PBXBuildFile; fileRef = 1BBCDB76298CCBC000AE4EE2 /* ShowAlerts.swift */; };
		1BBCDB79298CD2AD00AE4EE2 /* PetDetailsViewController.swift in Sources */ = {isa = PBXBuildFile; fileRef = 1BBCDB78298CD2AD00AE4EE2 /* PetDetailsViewController.swift */; };
		1BBCDB7B298CE6DE00AE4EE2 /* NetworkMonitor.swift in Sources */ = {isa = PBXBuildFile; fileRef = 1BBCDB7A298CE6DE00AE4EE2 /* NetworkMonitor.swift */; };
		1BBCDB85298D0D8600AE4EE2 /* CustomFunctions.swift in Sources */ = {isa = PBXBuildFile; fileRef = 1BBCDB84298D0D8600AE4EE2 /* CustomFunctions.swift */; };
		1BBCDB87298D18CD00AE4EE2 /* config.json in Resources */ = {isa = PBXBuildFile; fileRef = 1BBCDB86298D18CD00AE4EE2 /* config.json */; };
		1BEC1AAA298BB1FB00409DF0 /* AppDelegate.swift in Sources */ = {isa = PBXBuildFile; fileRef = 1BEC1AA9298BB1FB00409DF0 /* AppDelegate.swift */; };
		1BEC1AAC298BB1FB00409DF0 /* SceneDelegate.swift in Sources */ = {isa = PBXBuildFile; fileRef = 1BEC1AAB298BB1FB00409DF0 /* SceneDelegate.swift */; };
		1BEC1AB1298BB1FB00409DF0 /* Main.storyboard in Resources */ = {isa = PBXBuildFile; fileRef = 1BEC1AAF298BB1FB00409DF0 /* Main.storyboard */; };
		1BEC1AB4298BB1FB00409DF0 /* PitSolutions_MT.xcdatamodeld in Sources */ = {isa = PBXBuildFile; fileRef = 1BEC1AB2298BB1FB00409DF0 /* PitSolutions_MT.xcdatamodeld */; };
		1BEC1AB6298BB1FC00409DF0 /* Assets.xcassets in Resources */ = {isa = PBXBuildFile; fileRef = 1BEC1AB5298BB1FC00409DF0 /* Assets.xcassets */; };
		1BEC1AB9298BB1FC00409DF0 /* LaunchScreen.storyboard in Resources */ = {isa = PBXBuildFile; fileRef = 1BEC1AB7298BB1FC00409DF0 /* LaunchScreen.storyboard */; };
		1BEC1AC4298BB1FC00409DF0 /* PitSolutions_MTTests.swift in Sources */ = {isa = PBXBuildFile; fileRef = 1BEC1AC3298BB1FC00409DF0 /* PitSolutions_MTTests.swift */; };
		1BEC1ACE298BB1FC00409DF0 /* PitSolutions_MTUITests.swift in Sources */ = {isa = PBXBuildFile; fileRef = 1BEC1ACD298BB1FC00409DF0 /* PitSolutions_MTUITests.swift */; };
		1BEC1AD0298BB1FC00409DF0 /* PitSolutions_MTUITestsLaunchTests.swift in Sources */ = {isa = PBXBuildFile; fileRef = 1BEC1ACF298BB1FC00409DF0 /* PitSolutions_MTUITestsLaunchTests.swift */; };
		1BEC1ADD298BB22600409DF0 /* PetsImageCllectionViewController.swift in Sources */ = {isa = PBXBuildFile; fileRef = 1BEC1ADC298BB22600409DF0 /* PetsImageCllectionViewController.swift */; };
		1BEC1AE1298BB5EC00409DF0 /* PetImageViewCollectionViewCell.swift in Sources */ = {isa = PBXBuildFile; fileRef = 1BEC1AE0298BB5EC00409DF0 /* PetImageViewCollectionViewCell.swift */; };
		1BEC1AE5298BB64400409DF0 /* ClassManager.swift in Sources */ = {isa = PBXBuildFile; fileRef = 1BEC1AE4298BB64400409DF0 /* ClassManager.swift */; };
		1BEC1AE7298BD91800409DF0 /* PetCollectionJson.json in Resources */ = {isa = PBXBuildFile; fileRef = 1BEC1AE6298BD91800409DF0 /* PetCollectionJson.json */; };
/* End PBXBuildFile section */

/* Begin PBXContainerItemProxy section */
		1BEC1AC0298BB1FC00409DF0 /* PBXContainerItemProxy */ = {
			isa = PBXContainerItemProxy;
			containerPortal = 1BEC1A9E298BB1FB00409DF0 /* Project object */;
			proxyType = 1;
			remoteGlobalIDString = 1BEC1AA5298BB1FB00409DF0;
			remoteInfo = "PitSolutions MT";
		};
		1BEC1ACA298BB1FC00409DF0 /* PBXContainerItemProxy */ = {
			isa = PBXContainerItemProxy;
			containerPortal = 1BEC1A9E298BB1FB00409DF0 /* Project object */;
			proxyType = 1;
			remoteGlobalIDString = 1BEC1AA5298BB1FB00409DF0;
			remoteInfo = "PitSolutions MT";
		};
/* End PBXContainerItemProxy section */

/* Begin PBXFileReference section */
		1BBCDB76298CCBC000AE4EE2 /* ShowAlerts.swift */ = {isa = PBXFileReference; lastKnownFileType = sourcecode.swift; path = ShowAlerts.swift; sourceTree = "<group>"; };
		1BBCDB78298CD2AD00AE4EE2 /* PetDetailsViewController.swift */ = {isa = PBXFileReference; lastKnownFileType = sourcecode.swift; path = PetDetailsViewController.swift; sourceTree = "<group>"; };
		1BBCDB7A298CE6DE00AE4EE2 /* NetworkMonitor.swift */ = {isa = PBXFileReference; lastKnownFileType = sourcecode.swift; path = NetworkMonitor.swift; sourceTree = "<group>"; };
		1BBCDB84298D0D8600AE4EE2 /* CustomFunctions.swift */ = {isa = PBXFileReference; lastKnownFileType = sourcecode.swift; path = CustomFunctions.swift; sourceTree = "<group>"; };
		1BBCDB86298D18CD00AE4EE2 /* config.json */ = {isa = PBXFileReference; fileEncoding = 4; lastKnownFileType = text.json; path = config.json; sourceTree = "<group>"; };
		1BEC1AA6298BB1FB00409DF0 /* PitSolutions MT.app */ = {isa = PBXFileReference; explicitFileType = wrapper.application; includeInIndex = 0; path = "PitSolutions MT.app"; sourceTree = BUILT_PRODUCTS_DIR; };
		1BEC1AA9298BB1FB00409DF0 /* AppDelegate.swift */ = {isa = PBXFileReference; lastKnownFileType = sourcecode.swift; path = AppDelegate.swift; sourceTree = "<group>"; };
		1BEC1AAB298BB1FB00409DF0 /* SceneDelegate.swift */ = {isa = PBXFileReference; lastKnownFileType = sourcecode.swift; path = SceneDelegate.swift; sourceTree = "<group>"; };
		1BEC1AB0298BB1FB00409DF0 /* Base */ = {isa = PBXFileReference; lastKnownFileType = file.storyboard; name = Base; path = Base.lproj/Main.storyboard; sourceTree = "<group>"; };
		1BEC1AB3298BB1FB00409DF0 /* PitSolutions_MT.xcdatamodel */ = {isa = PBXFileReference; lastKnownFileType = wrapper.xcdatamodel; path = PitSolutions_MT.xcdatamodel; sourceTree = "<group>"; };
		1BEC1AB5298BB1FC00409DF0 /* Assets.xcassets */ = {isa = PBXFileReference; lastKnownFileType = folder.assetcatalog; path = Assets.xcassets; sourceTree = "<group>"; };
		1BEC1AB8298BB1FC00409DF0 /* Base */ = {isa = PBXFileReference; lastKnownFileType = file.storyboard; name = Base; path = Base.lproj/LaunchScreen.storyboard; sourceTree = "<group>"; };
		1BEC1ABA298BB1FC00409DF0 /* Info.plist */ = {isa = PBXFileReference; lastKnownFileType = text.plist.xml; path = Info.plist; sourceTree = "<group>"; };
		1BEC1ABF298BB1FC00409DF0 /* PitSolutions MTTests.xctest */ = {isa = PBXFileReference; explicitFileType = wrapper.cfbundle; includeInIndex = 0; path = "PitSolutions MTTests.xctest"; sourceTree = BUILT_PRODUCTS_DIR; };
		1BEC1AC3298BB1FC00409DF0 /* PitSolutions_MTTests.swift */ = {isa = PBXFileReference; lastKnownFileType = sourcecode.swift; path = PitSolutions_MTTests.swift; sourceTree = "<group>"; };
		1BEC1AC9298BB1FC00409DF0 /* PitSolutions MTUITests.xctest */ = {isa = PBXFileReference; explicitFileType = wrapper.cfbundle; includeInIndex = 0; path = "PitSolutions MTUITests.xctest"; sourceTree = BUILT_PRODUCTS_DIR; };
		1BEC1ACD298BB1FC00409DF0 /* PitSolutions_MTUITests.swift */ = {isa = PBXFileReference; lastKnownFileType = sourcecode.swift; path = PitSolutions_MTUITests.swift; sourceTree = "<group>"; };
		1BEC1ACF298BB1FC00409DF0 /* PitSolutions_MTUITestsLaunchTests.swift */ = {isa = PBXFileReference; lastKnownFileType = sourcecode.swift; path = PitSolutions_MTUITestsLaunchTests.swift; sourceTree = "<group>"; };
		1BEC1ADC298BB22600409DF0 /* PetsImageCllectionViewController.swift */ = {isa = PBXFileReference; lastKnownFileType = sourcecode.swift; path = PetsImageCllectionViewController.swift; sourceTree = "<group>"; };
		1BEC1AE0298BB5EC00409DF0 /* PetImageViewCollectionViewCell.swift */ = {isa = PBXFileReference; lastKnownFileType = sourcecode.swift; path = PetImageViewCollectionViewCell.swift; sourceTree = "<group>"; };
		1BEC1AE4298BB64400409DF0 /* ClassManager.swift */ = {isa = PBXFileReference; lastKnownFileType = sourcecode.swift; path = ClassManager.swift; sourceTree = "<group>"; };
		1BEC1AE6298BD91800409DF0 /* PetCollectionJson.json */ = {isa = PBXFileReference; lastKnownFileType = text.json; path = PetCollectionJson.json; sourceTree = "<group>"; };
/* End PBXFileReference section */

/* Begin PBXFrameworksBuildPhase section */
		1BEC1AA3298BB1FB00409DF0 /* Frameworks */ = {
			isa = PBXFrameworksBuildPhase;
			buildActionMask = 2147483647;
			files = (
				1BBCDB71298CBAFE00AE4EE2 /* SDWebImage in Frameworks */,
			);
			runOnlyForDeploymentPostprocessing = 0;
		};
		1BEC1ABC298BB1FC00409DF0 /* Frameworks */ = {
			isa = PBXFrameworksBuildPhase;
			buildActionMask = 2147483647;
			files = (
			);
			runOnlyForDeploymentPostprocessing = 0;
		};
		1BEC1AC6298BB1FC00409DF0 /* Frameworks */ = {
			isa = PBXFrameworksBuildPhase;
			buildActionMask = 2147483647;
			files = (
			);
			runOnlyForDeploymentPostprocessing = 0;
		};
/* End PBXFrameworksBuildPhase section */

/* Begin PBXGroup section */
		1BBCDB7C298CFCF900AE4EE2 /* PetHomePageController */ = {
			isa = PBXGroup;
			children = (
				1BEC1AE0298BB5EC00409DF0 /* PetImageViewCollectionViewCell.swift */,
				1BEC1ADC298BB22600409DF0 /* PetsImageCllectionViewController.swift */,
			);
			path = PetHomePageController;
			sourceTree = "<group>";
		};
		1BBCDB7D298CFD2800AE4EE2 /* PetDetailViewController */ = {
			isa = PBXGroup;
			children = (
				1BBCDB78298CD2AD00AE4EE2 /* PetDetailsViewController.swift */,
			);
			path = PetDetailViewController;
			sourceTree = "<group>";
		};
		1BBCDB7E298CFD4200AE4EE2 /* ViewController */ = {
			isa = PBXGroup;
			children = (
				1BEC1AA9298BB1FB00409DF0 /* AppDelegate.swift */,
				1BEC1AAB298BB1FB00409DF0 /* SceneDelegate.swift */,
				1BBCDB7D298CFD2800AE4EE2 /* PetDetailViewController */,
				1BBCDB7C298CFCF900AE4EE2 /* PetHomePageController */,
			);
			path = ViewController;
			sourceTree = "<group>";
		};
		1BBCDB80298CFE3B00AE4EE2 /* Model */ = {
			isa = PBXGroup;
			children = (
				1BEC1AE4298BB64400409DF0 /* ClassManager.swift */,
				1BBCDB7A298CE6DE00AE4EE2 /* NetworkMonitor.swift */,
			);
			path = Model;
			sourceTree = "<group>";
		};
		1BBCDB82298CFF3200AE4EE2 /* UI */ = {
			isa = PBXGroup;
			children = (
				1BEC1AB7298BB1FC00409DF0 /* LaunchScreen.storyboard */,
				1BEC1AAF298BB1FB00409DF0 /* Main.storyboard */,
			);
			path = UI;
			sourceTree = "<group>";
		};
		1BBCDB83298CFF6C00AE4EE2 /* Delegates */ = {
			isa = PBXGroup;
			children = (
				1BBCDB86298D18CD00AE4EE2 /* config.json */,
				1BEC1AE6298BD91800409DF0 /* PetCollectionJson.json */,
				1BBCDB76298CCBC000AE4EE2 /* ShowAlerts.swift */,
				1BBCDB84298D0D8600AE4EE2 /* CustomFunctions.swift */,
			);
			path = Delegates;
			sourceTree = "<group>";
		};
		1BEC1A9D298BB1FB00409DF0 = {
			isa = PBXGroup;
			children = (
				1BEC1AA8298BB1FB00409DF0 /* PitSolutions MT */,
				1BEC1AC2298BB1FC00409DF0 /* PitSolutions MTTests */,
				1BEC1ACC298BB1FC00409DF0 /* PitSolutions MTUITests */,
				1BEC1AA7298BB1FB00409DF0 /* Products */,
			);
			sourceTree = "<group>";
		};
		1BEC1AA7298BB1FB00409DF0 /* Products */ = {
			isa = PBXGroup;
			children = (
				1BEC1AA6298BB1FB00409DF0 /* PitSolutions MT.app */,
				1BEC1ABF298BB1FC00409DF0 /* PitSolutions MTTests.xctest */,
				1BEC1AC9298BB1FC00409DF0 /* PitSolutions MTUITests.xctest */,
			);
			name = Products;
			sourceTree = "<group>";
		};
		1BEC1AA8298BB1FB00409DF0 /* PitSolutions MT */ = {
			isa = PBXGroup;
			children = (
				1BBCDB83298CFF6C00AE4EE2 /* Delegates */,
				1BBCDB82298CFF3200AE4EE2 /* UI */,
				1BBCDB80298CFE3B00AE4EE2 /* Model */,
				1BBCDB7E298CFD4200AE4EE2 /* ViewController */,
				1BEC1AB5298BB1FC00409DF0 /* Assets.xcassets */,
				1BEC1ABA298BB1FC00409DF0 /* Info.plist */,
				1BEC1AB2298BB1FB00409DF0 /* PitSolutions_MT.xcdatamodeld */,
			);
			path = "PitSolutions MT";
			sourceTree = "<group>";
		};
		1BEC1AC2298BB1FC00409DF0 /* PitSolutions MTTests */ = {
			isa = PBXGroup;
			children = (
				1BEC1AC3298BB1FC00409DF0 /* PitSolutions_MTTests.swift */,
			);
			path = "PitSolutions MTTests";
			sourceTree = "<group>";
		};
		1BEC1ACC298BB1FC00409DF0 /* PitSolutions MTUITests */ = {
			isa = PBXGroup;
			children = (
				1BEC1ACD298BB1FC00409DF0 /* PitSolutions_MTUITests.swift */,
				1BEC1ACF298BB1FC00409DF0 /* PitSolutions_MTUITestsLaunchTests.swift */,
			);
			path = "PitSolutions MTUITests";
			sourceTree = "<group>";
		};
/* End PBXGroup section */

/* Begin PBXNativeTarget section */
		1BEC1AA5298BB1FB00409DF0 /* PitSolutions MT */ = {
			isa = PBXNativeTarget;
			buildConfigurationList = 1BEC1AD3298BB1FC00409DF0 /* Build configuration list for PBXNativeTarget "PitSolutions MT" */;
			buildPhases = (
				1BEC1AA2298BB1FB00409DF0 /* Sources */,
				1BEC1AA3298BB1FB00409DF0 /* Frameworks */,
				1BEC1AA4298BB1FB00409DF0 /* Resources */,
			);
			buildRules = (
			);
			dependencies = (
			);
			name = "PitSolutions MT";
			packageProductDependencies = (
				1BBCDB70298CBAFE00AE4EE2 /* SDWebImage */,
			);
			productName = "PitSolutions MT";
			productReference = 1BEC1AA6298BB1FB00409DF0 /* PitSolutions MT.app */;
			productType = "com.apple.product-type.application";
		};
		1BEC1ABE298BB1FC00409DF0 /* PitSolutions MTTests */ = {
			isa = PBXNativeTarget;
			buildConfigurationList = 1BEC1AD6298BB1FC00409DF0 /* Build configuration list for PBXNativeTarget "PitSolutions MTTests" */;
			buildPhases = (
				1BEC1ABB298BB1FC00409DF0 /* Sources */,
				1BEC1ABC298BB1FC00409DF0 /* Frameworks */,
				1BEC1ABD298BB1FC00409DF0 /* Resources */,
			);
			buildRules = (
			);
			dependencies = (
				1BEC1AC1298BB1FC00409DF0 /* PBXTargetDependency */,
			);
			name = "PitSolutions MTTests";
			productName = "PitSolutions MTTests";
			productReference = 1BEC1ABF298BB1FC00409DF0 /* PitSolutions MTTests.xctest */;
			productType = "com.apple.product-type.bundle.unit-test";
		};
		1BEC1AC8298BB1FC00409DF0 /* PitSolutions MTUITests */ = {
			isa = PBXNativeTarget;
			buildConfigurationList = 1BEC1AD9298BB1FC00409DF0 /* Build configuration list for PBXNativeTarget "PitSolutions MTUITests" */;
			buildPhases = (
				1BEC1AC5298BB1FC00409DF0 /* Sources */,
				1BEC1AC6298BB1FC00409DF0 /* Frameworks */,
				1BEC1AC7298BB1FC00409DF0 /* Resources */,
			);
			buildRules = (
			);
			dependencies = (
				1BEC1ACB298BB1FC00409DF0 /* PBXTargetDependency */,
			);
			name = "PitSolutions MTUITests";
			productName = "PitSolutions MTUITests";
			productReference = 1BEC1AC9298BB1FC00409DF0 /* PitSolutions MTUITests.xctest */;
			productType = "com.apple.product-type.bundle.ui-testing";
		};
/* End PBXNativeTarget section */

/* Begin PBXProject section */
		1BEC1A9E298BB1FB00409DF0 /* Project object */ = {
			isa = PBXProject;
			attributes = {
				BuildIndependentTargetsInParallel = 1;
				LastSwiftUpdateCheck = 1420;
				LastUpgradeCheck = 1420;
				TargetAttributes = {
					1BEC1AA5298BB1FB00409DF0 = {
						CreatedOnToolsVersion = 14.2;
					};
					1BEC1ABE298BB1FC00409DF0 = {
						CreatedOnToolsVersion = 14.2;
						TestTargetID = 1BEC1AA5298BB1FB00409DF0;
					};
					1BEC1AC8298BB1FC00409DF0 = {
						CreatedOnToolsVersion = 14.2;
						TestTargetID = 1BEC1AA5298BB1FB00409DF0;
					};
				};
			};
			buildConfigurationList = 1BEC1AA1298BB1FB00409DF0 /* Build configuration list for PBXProject "PitSolutions MT" */;
			compatibilityVersion = "Xcode 14.0";
			developmentRegion = en;
			hasScannedForEncodings = 0;
			knownRegions = (
				en,
				Base,
			);
			mainGroup = 1BEC1A9D298BB1FB00409DF0;
			packageReferences = (
				1BBCDB6F298CBAFE00AE4EE2 /* XCRemoteSwiftPackageReference "SDWebImage" */,
			);
			productRefGroup = 1BEC1AA7298BB1FB00409DF0 /* Products */;
			projectDirPath = "";
			projectRoot = "";
			targets = (
				1BEC1AA5298BB1FB00409DF0 /* PitSolutions MT */,
				1BEC1ABE298BB1FC00409DF0 /* PitSolutions MTTests */,
				1BEC1AC8298BB1FC00409DF0 /* PitSolutions MTUITests */,
			);
		};
/* End PBXProject section */

/* Begin PBXResourcesBuildPhase section */
		1BEC1AA4298BB1FB00409DF0 /* Resources */ = {
			isa = PBXResourcesBuildPhase;
			buildActionMask = 2147483647;
			files = (
				1BEC1AB9298BB1FC00409DF0 /* LaunchScreen.storyboard in Resources */,
				1BEC1AE7298BD91800409DF0 /* PetCollectionJson.json in Resources */,
				1BBCDB87298D18CD00AE4EE2 /* config.json in Resources */,
				1BEC1AB6298BB1FC00409DF0 /* Assets.xcassets in Resources */,
				1BEC1AB1298BB1FB00409DF0 /* Main.storyboard in Resources */,
			);
			runOnlyForDeploymentPostprocessing = 0;
		};
		1BEC1ABD298BB1FC00409DF0 /* Resources */ = {
			isa = PBXResourcesBuildPhase;
			buildActionMask = 2147483647;
			files = (
			);
			runOnlyForDeploymentPostprocessing = 0;
		};
		1BEC1AC7298BB1FC00409DF0 /* Resources */ = {
			isa = PBXResourcesBuildPhase;
			buildActionMask = 2147483647;
			files = (
			);
			runOnlyForDeploymentPostprocessing = 0;
		};
/* End PBXResourcesBuildPhase section */

/* Begin PBXSourcesBuildPhase section */
		1BEC1AA2298BB1FB00409DF0 /* Sources */ = {
			isa = PBXSourcesBuildPhase;
			buildActionMask = 2147483647;
			files = (
				1BBCDB7B298CE6DE00AE4EE2 /* NetworkMonitor.swift in Sources */,
				1BEC1ADD298BB22600409DF0 /* PetsImageCllectionViewController.swift in Sources */,
				1BBCDB85298D0D8600AE4EE2 /* CustomFunctions.swift in Sources */,
				1BEC1AB4298BB1FB00409DF0 /* PitSolutions_MT.xcdatamodeld in Sources */,
				1BBCDB77298CCBC000AE4EE2 /* ShowAlerts.swift in Sources */,
				1BBCDB79298CD2AD00AE4EE2 /* PetDetailsViewController.swift in Sources */,
				1BEC1AE1298BB5EC00409DF0 /* PetImageViewCollectionViewCell.swift in Sources */,
				1BEC1AAA298BB1FB00409DF0 /* AppDelegate.swift in Sources */,
				1BEC1AE5298BB64400409DF0 /* ClassManager.swift in Sources */,
				1BEC1AAC298BB1FB00409DF0 /* SceneDelegate.swift in Sources */,
			);
			runOnlyForDeploymentPostprocessing = 0;
		};
		1BEC1ABB298BB1FC00409DF0 /* Sources */ = {
			isa = PBXSourcesBuildPhase;
			buildActionMask = 2147483647;
			files = (
				1BEC1AC4298BB1FC00409DF0 /* PitSolutions_MTTests.swift in Sources */,
			);
			runOnlyForDeploymentPostprocessing = 0;
		};
		1BEC1AC5298BB1FC00409DF0 /* Sources */ = {
			isa = PBXSourcesBuildPhase;
			buildActionMask = 2147483647;
			files = (
				1BEC1AD0298BB1FC00409DF0 /* PitSolutions_MTUITestsLaunchTests.swift in Sources */,
				1BEC1ACE298BB1FC00409DF0 /* PitSolutions_MTUITests.swift in Sources */,
			);
			runOnlyForDeploymentPostprocessing = 0;
		};
/* End PBXSourcesBuildPhase section */

/* Begin PBXTargetDependency section */
		1BEC1AC1298BB1FC00409DF0 /* PBXTargetDependency */ = {
			isa = PBXTargetDependency;
			target = 1BEC1AA5298BB1FB00409DF0 /* PitSolutions MT */;
			targetProxy = 1BEC1AC0298BB1FC00409DF0 /* PBXContainerItemProxy */;
		};
		1BEC1ACB298BB1FC00409DF0 /* PBXTargetDependency */ = {
			isa = PBXTargetDependency;
			target = 1BEC1AA5298BB1FB00409DF0 /* PitSolutions MT */;
			targetProxy = 1BEC1ACA298BB1FC00409DF0 /* PBXContainerItemProxy */;
		};
/* End PBXTargetDependency section */

/* Begin PBXVariantGroup section */
		1BEC1AAF298BB1FB00409DF0 /* Main.storyboard */ = {
			isa = PBXVariantGroup;
			children = (
				1BEC1AB0298BB1FB00409DF0 /* Base */,
			);
			name = Main.storyboard;
			sourceTree = "<group>";
		};
		1BEC1AB7298BB1FC00409DF0 /* LaunchScreen.storyboard */ = {
			isa = PBXVariantGroup;
			children = (
				1BEC1AB8298BB1FC00409DF0 /* Base */,
			);
			name = LaunchScreen.storyboard;
			sourceTree = "<group>";
		};
/* End PBXVariantGroup section */

/* Begin XCBuildConfiguration section */
		1BEC1AD1298BB1FC00409DF0 /* Debug */ = {
			isa = XCBuildConfiguration;
			buildSettings = {
				ALWAYS_SEARCH_USER_PATHS = NO;
				CLANG_ANALYZER_NONNULL = YES;
				CLANG_ANALYZER_NUMBER_OBJECT_CONVERSION = YES_AGGRESSIVE;
				CLANG_CXX_LANGUAGE_STANDARD = "gnu++20";
				CLANG_ENABLE_MODULES = YES;
				CLANG_ENABLE_OBJC_ARC = YES;
				CLANG_ENABLE_OBJC_WEAK = YES;
				CLANG_WARN_BLOCK_CAPTURE_AUTORELEASING = YES;
				CLANG_WARN_BOOL_CONVERSION = YES;
				CLANG_WARN_COMMA = YES;
				CLANG_WARN_CONSTANT_CONVERSION = YES;
				CLANG_WARN_DEPRECATED_OBJC_IMPLEMENTATIONS = YES;
				CLANG_WARN_DIRECT_OBJC_ISA_USAGE = YES_ERROR;
				CLANG_WARN_DOCUMENTATION_COMMENTS = YES;
				CLANG_WARN_EMPTY_BODY = YES;
				CLANG_WARN_ENUM_CONVERSION = YES;
				CLANG_WARN_INFINITE_RECURSION = YES;
				CLANG_WARN_INT_CONVERSION = YES;
				CLANG_WARN_NON_LITERAL_NULL_CONVERSION = YES;
				CLANG_WARN_OBJC_IMPLICIT_RETAIN_SELF = YES;
				CLANG_WARN_OBJC_LITERAL_CONVERSION = YES;
				CLANG_WARN_OBJC_ROOT_CLASS = YES_ERROR;
				CLANG_WARN_QUOTED_INCLUDE_IN_FRAMEWORK_HEADER = YES;
				CLANG_WARN_RANGE_LOOP_ANALYSIS = YES;
				CLANG_WARN_STRICT_PROTOTYPES = YES;
				CLANG_WARN_SUSPICIOUS_MOVE = YES;
				CLANG_WARN_UNGUARDED_AVAILABILITY = YES_AGGRESSIVE;
				CLANG_WARN_UNREACHABLE_CODE = YES;
				CLANG_WARN__DUPLICATE_METHOD_MATCH = YES;
				COPY_PHASE_STRIP = NO;
				DEBUG_INFORMATION_FORMAT = dwarf;
				ENABLE_STRICT_OBJC_MSGSEND = YES;
				ENABLE_TESTABILITY = YES;
				GCC_C_LANGUAGE_STANDARD = gnu11;
				GCC_DYNAMIC_NO_PIC = NO;
				GCC_NO_COMMON_BLOCKS = YES;
				GCC_OPTIMIZATION_LEVEL = 0;
				GCC_PREPROCESSOR_DEFINITIONS = (
					"DEBUG=1",
					"$(inherited)",
				);
				GCC_WARN_64_TO_32_BIT_CONVERSION = YES;
				GCC_WARN_ABOUT_RETURN_TYPE = YES_ERROR;
				GCC_WARN_UNDECLARED_SELECTOR = YES;
				GCC_WARN_UNINITIALIZED_AUTOS = YES_AGGRESSIVE;
				GCC_WARN_UNUSED_FUNCTION = YES;
				GCC_WARN_UNUSED_VARIABLE = YES;
				IPHONEOS_DEPLOYMENT_TARGET = 16.2;
				MTL_ENABLE_DEBUG_INFO = INCLUDE_SOURCE;
				MTL_FAST_MATH = YES;
				ONLY_ACTIVE_ARCH = YES;
				SDKROOT = iphoneos;
				SWIFT_ACTIVE_COMPILATION_CONDITIONS = DEBUG;
				SWIFT_OPTIMIZATION_LEVEL = "-Onone";
			};
			name = Debug;
		};
		1BEC1AD2298BB1FC00409DF0 /* Release */ = {
			isa = XCBuildConfiguration;
			buildSettings = {
				ALWAYS_SEARCH_USER_PATHS = NO;
				CLANG_ANALYZER_NONNULL = YES;
				CLANG_ANALYZER_NUMBER_OBJECT_CONVERSION = YES_AGGRESSIVE;
				CLANG_CXX_LANGUAGE_STANDARD = "gnu++20";
				CLANG_ENABLE_MODULES = YES;
				CLANG_ENABLE_OBJC_ARC = YES;
				CLANG_ENABLE_OBJC_WEAK = YES;
				CLANG_WARN_BLOCK_CAPTURE_AUTORELEASING = YES;
				CLANG_WARN_BOOL_CONVERSION = YES;
				CLANG_WARN_COMMA = YES;
				CLANG_WARN_CONSTANT_CONVERSION = YES;
				CLANG_WARN_DEPRECATED_OBJC_IMPLEMENTATIONS = YES;
				CLANG_WARN_DIRECT_OBJC_ISA_USAGE = YES_ERROR;
				CLANG_WARN_DOCUMENTATION_COMMENTS = YES;
				CLANG_WARN_EMPTY_BODY = YES;
				CLANG_WARN_ENUM_CONVERSION = YES;
				CLANG_WARN_INFINITE_RECURSION = YES;
				CLANG_WARN_INT_CONVERSION = YES;
				CLANG_WARN_NON_LITERAL_NULL_CONVERSION = YES;
				CLANG_WARN_OBJC_IMPLICIT_RETAIN_SELF = YES;
				CLANG_WARN_OBJC_LITERAL_CONVERSION = YES;
				CLANG_WARN_OBJC_ROOT_CLASS = YES_ERROR;
				CLANG_WARN_QUOTED_INCLUDE_IN_FRAMEWORK_HEADER = YES;
				CLANG_WARN_RANGE_LOOP_ANALYSIS = YES;
				CLANG_WARN_STRICT_PROTOTYPES = YES;
				CLANG_WARN_SUSPICIOUS_MOVE = YES;
				CLANG_WARN_UNGUARDED_AVAILABILITY = YES_AGGRESSIVE;
				CLANG_WARN_UNREACHABLE_CODE = YES;
				CLANG_WARN__DUPLICATE_METHOD_MATCH = YES;
				COPY_PHASE_STRIP = NO;
				DEBUG_INFORMATION_FORMAT = "dwarf-with-dsym";
				ENABLE_NS_ASSERTIONS = NO;
				ENABLE_STRICT_OBJC_MSGSEND = YES;
				GCC_C_LANGUAGE_STANDARD = gnu11;
				GCC_NO_COMMON_BLOCKS = YES;
				GCC_WARN_64_TO_32_BIT_CONVERSION = YES;
				GCC_WARN_ABOUT_RETURN_TYPE = YES_ERROR;
				GCC_WARN_UNDECLARED_SELECTOR = YES;
				GCC_WARN_UNINITIALIZED_AUTOS = YES_AGGRESSIVE;
				GCC_WARN_UNUSED_FUNCTION = YES;
				GCC_WARN_UNUSED_VARIABLE = YES;
				IPHONEOS_DEPLOYMENT_TARGET = 16.2;
				MTL_ENABLE_DEBUG_INFO = NO;
				MTL_FAST_MATH = YES;
				SDKROOT = iphoneos;
				SWIFT_COMPILATION_MODE = wholemodule;
				SWIFT_OPTIMIZATION_LEVEL = "-O";
				VALIDATE_PRODUCT = YES;
			};
			name = Release;
		};
		1BEC1AD4298BB1FC00409DF0 /* Debug */ = {
			isa = XCBuildConfiguration;
			buildSettings = {
				ASSETCATALOG_COMPILER_APPICON_NAME = AppIcon;
				ASSETCATALOG_COMPILER_GLOBAL_ACCENT_COLOR_NAME = AccentColor;
				CODE_SIGN_STYLE = Automatic;
				CURRENT_PROJECT_VERSION = 1;
				DEVELOPMENT_TEAM = S246B657UX;
				GENERATE_INFOPLIST_FILE = YES;
				INFOPLIST_FILE = "PitSolutions MT/Info.plist";
				INFOPLIST_KEY_UIApplicationSupportsIndirectInputEvents = YES;
				INFOPLIST_KEY_UILaunchStoryboardName = LaunchScreen;
				INFOPLIST_KEY_UIMainStoryboardFile = Main;
				INFOPLIST_KEY_UISupportedInterfaceOrientations = UIInterfaceOrientationPortrait;
				IPHONEOS_DEPLOYMENT_TARGET = 16.0;
				LD_RUNPATH_SEARCH_PATHS = (
					"$(inherited)",
					"@executable_path/Frameworks",
				);
				MARKETING_VERSION = 1.0;
				PRODUCT_BUNDLE_IDENTIFIER = "com.Shamil.PitSolutions-MT";
				PRODUCT_NAME = "$(TARGET_NAME)";
				SWIFT_EMIT_LOC_STRINGS = YES;
				SWIFT_VERSION = 5.0;
				TARGETED_DEVICE_FAMILY = "1,2";
			};
			name = Debug;
		};
		1BEC1AD5298BB1FC00409DF0 /* Release */ = {
			isa = XCBuildConfiguration;
			buildSettings = {
				ASSETCATALOG_COMPILER_APPICON_NAME = AppIcon;
				ASSETCATALOG_COMPILER_GLOBAL_ACCENT_COLOR_NAME = AccentColor;
				CODE_SIGN_STYLE = Automatic;
				CURRENT_PROJECT_VERSION = 1;
				DEVELOPMENT_TEAM = S246B657UX;
				GENERATE_INFOPLIST_FILE = YES;
				INFOPLIST_FILE = "PitSolutions MT/Info.plist";
				INFOPLIST_KEY_UIApplicationSupportsIndirectInputEvents = YES;
				INFOPLIST_KEY_UILaunchStoryboardName = LaunchScreen;
				INFOPLIST_KEY_UIMainStoryboardFile = Main;
				INFOPLIST_KEY_UISupportedInterfaceOrientations = UIInterfaceOrientationPortrait;
				IPHONEOS_DEPLOYMENT_TARGET = 16.0;
				LD_RUNPATH_SEARCH_PATHS = (
					"$(inherited)",
					"@executable_path/Frameworks",
				);
				MARKETING_VERSION = 1.0;
				PRODUCT_BUNDLE_IDENTIFIER = "com.Shamil.PitSolutions-MT";
				PRODUCT_NAME = "$(TARGET_NAME)";
				SWIFT_EMIT_LOC_STRINGS = YES;
				SWIFT_VERSION = 5.0;
				TARGETED_DEVICE_FAMILY = "1,2";
			};
			name = Release;
		};
		1BEC1AD7298BB1FC00409DF0 /* Debug */ = {
			isa = XCBuildConfiguration;
			buildSettings = {
				ALWAYS_EMBED_SWIFT_STANDARD_LIBRARIES = YES;
				BUNDLE_LOADER = "$(TEST_HOST)";
				CODE_SIGN_STYLE = Automatic;
				CURRENT_PROJECT_VERSION = 1;
				DEVELOPMENT_TEAM = S246B657UX;
				GENERATE_INFOPLIST_FILE = YES;
				IPHONEOS_DEPLOYMENT_TARGET = 16.2;
				MARKETING_VERSION = 1.0;
				PRODUCT_BUNDLE_IDENTIFIER = "com.Shamil.PitSolutions-MTTests";
				PRODUCT_NAME = "$(TARGET_NAME)";
				SWIFT_EMIT_LOC_STRINGS = NO;
				SWIFT_VERSION = 5.0;
				TARGETED_DEVICE_FAMILY = "1,2";
				TEST_HOST = "$(BUILT_PRODUCTS_DIR)/PitSolutions MT.app/$(BUNDLE_EXECUTABLE_FOLDER_PATH)/PitSolutions MT";
			};
			name = Debug;
		};
		1BEC1AD8298BB1FC00409DF0 /* Release */ = {
			isa = XCBuildConfiguration;
			buildSettings = {
				ALWAYS_EMBED_SWIFT_STANDARD_LIBRARIES = YES;
				BUNDLE_LOADER = "$(TEST_HOST)";
				CODE_SIGN_STYLE = Automatic;
				CURRENT_PROJECT_VERSION = 1;
				DEVELOPMENT_TEAM = S246B657UX;
				GENERATE_INFOPLIST_FILE = YES;
				IPHONEOS_DEPLOYMENT_TARGET = 16.2;
				MARKETING_VERSION = 1.0;
				PRODUCT_BUNDLE_IDENTIFIER = "com.Shamil.PitSolutions-MTTests";
				PRODUCT_NAME = "$(TARGET_NAME)";
				SWIFT_EMIT_LOC_STRINGS = NO;
				SWIFT_VERSION = 5.0;
				TARGETED_DEVICE_FAMILY = "1,2";
				TEST_HOST = "$(BUILT_PRODUCTS_DIR)/PitSolutions MT.app/$(BUNDLE_EXECUTABLE_FOLDER_PATH)/PitSolutions MT";
			};
			name = Release;
		};
		1BEC1ADA298BB1FC00409DF0 /* Debug */ = {
			isa = XCBuildConfiguration;
			buildSettings = {
				ALWAYS_EMBED_SWIFT_STANDARD_LIBRARIES = YES;
				CODE_SIGN_STYLE = Automatic;
				CURRENT_PROJECT_VERSION = 1;
				DEVELOPMENT_TEAM = S246B657UX;
				GENERATE_INFOPLIST_FILE = YES;
				MARKETING_VERSION = 1.0;
				PRODUCT_BUNDLE_IDENTIFIER = "com.Shamil.PitSolutions-MTUITests";
				PRODUCT_NAME = "$(TARGET_NAME)";
				SWIFT_EMIT_LOC_STRINGS = NO;
				SWIFT_VERSION = 5.0;
				TARGETED_DEVICE_FAMILY = "1,2";
				TEST_TARGET_NAME = "PitSolutions MT";
			};
			name = Debug;
		};
		1BEC1ADB298BB1FC00409DF0 /* Release */ = {
			isa = XCBuildConfiguration;
			buildSettings = {
				ALWAYS_EMBED_SWIFT_STANDARD_LIBRARIES = YES;
				CODE_SIGN_STYLE = Automatic;
				CURRENT_PROJECT_VERSION = 1;
				DEVELOPMENT_TEAM = S246B657UX;
				GENERATE_INFOPLIST_FILE = YES;
				MARKETING_VERSION = 1.0;
				PRODUCT_BUNDLE_IDENTIFIER = "com.Shamil.PitSolutions-MTUITests";
				PRODUCT_NAME = "$(TARGET_NAME)";
				SWIFT_EMIT_LOC_STRINGS = NO;
				SWIFT_VERSION = 5.0;
				TARGETED_DEVICE_FAMILY = "1,2";
				TEST_TARGET_NAME = "PitSolutions MT";
			};
			name = Release;
		};
/* End XCBuildConfiguration section */

/* Begin XCConfigurationList section */
		1BEC1AA1298BB1FB00409DF0 /* Build configuration list for PBXProject "PitSolutions MT" */ = {
			isa = XCConfigurationList;
			buildConfigurations = (
				1BEC1AD1298BB1FC00409DF0 /* Debug */,
				1BEC1AD2298BB1FC00409DF0 /* Release */,
			);
			defaultConfigurationIsVisible = 0;
			defaultConfigurationName = Release;
		};
		1BEC1AD3298BB1FC00409DF0 /* Build configuration list for PBXNativeTarget "PitSolutions MT" */ = {
			isa = XCConfigurationList;
			buildConfigurations = (
				1BEC1AD4298BB1FC00409DF0 /* Debug */,
				1BEC1AD5298BB1FC00409DF0 /* Release */,
			);
			defaultConfigurationIsVisible = 0;
			defaultConfigurationName = Release;
		};
		1BEC1AD6298BB1FC00409DF0 /* Build configuration list for PBXNativeTarget "PitSolutions MTTests" */ = {
			isa = XCConfigurationList;
			buildConfigurations = (
				1BEC1AD7298BB1FC00409DF0 /* Debug */,
				1BEC1AD8298BB1FC00409DF0 /* Release */,
			);
			defaultConfigurationIsVisible = 0;
			defaultConfigurationName = Release;
		};
		1BEC1AD9298BB1FC00409DF0 /* Build configuration list for PBXNativeTarget "PitSolutions MTUITests" */ = {
			isa = XCConfigurationList;
			buildConfigurations = (
				1BEC1ADA298BB1FC00409DF0 /* Debug */,
				1BEC1ADB298BB1FC00409DF0 /* Release */,
			);
			defaultConfigurationIsVisible = 0;
			defaultConfigurationName = Release;
		};
/* End XCConfigurationList section */

/* Begin XCRemoteSwiftPackageReference section */
		1BBCDB6F298CBAFE00AE4EE2 /* XCRemoteSwiftPackageReference "SDWebImage" */ = {
			isa = XCRemoteSwiftPackageReference;
			repositoryURL = "https://github.com/SDWebImage/SDWebImage.git";
			requirement = {
				branch = master;
				kind = branch;
			};
		};
/* End XCRemoteSwiftPackageReference section */

/* Begin XCSwiftPackageProductDependency section */
		1BBCDB70298CBAFE00AE4EE2 /* SDWebImage */ = {
			isa = XCSwiftPackageProductDependency;
			package = 1BBCDB6F298CBAFE00AE4EE2 /* XCRemoteSwiftPackageReference "SDWebImage" */;
			productName = SDWebImage;
		};
/* End XCSwiftPackageProductDependency section */

/* Begin XCVersionGroup section */
		1BEC1AB2298BB1FB00409DF0 /* PitSolutions_MT.xcdatamodeld */ = {
			isa = XCVersionGroup;
			children = (
				1BEC1AB3298BB1FB00409DF0 /* PitSolutions_MT.xcdatamodel */,
			);
			currentVersion = 1BEC1AB3298BB1FB00409DF0 /* PitSolutions_MT.xcdatamodel */;
			path = PitSolutions_MT.xcdatamodeld;
			sourceTree = "<group>";
			versionGroupType = wrapper.xcdatamodel;
		};
/* End XCVersionGroup section */
	};
	rootObject = 1BEC1A9E298BB1FB00409DF0 /* Project object */;
}
